
Microsoft Visual Studio Solution File, Format Version 12.00
# Visual Studio Version 16
VisualStudioVersion = 16.0.31019.35
MinimumVisualStudioVersion = 10.0.40219.1
Project("{FAE04EC0-301F-11D3-BF4B-00C04F79EFBC}") = "ChartsWebApi", "ChartsWebApi\ChartsWebApi.csproj", "{1F48C555-03BD-4D19-ABCA-4B01BA3BB3DD}"
EndProject
Global
	GlobalSection(SolutionConfigurationPlatforms) = preSolution
		Debug|Any CPU = Debug|Any CPU
		Release|Any CPU = Release|Any CPU
	EndGlobalSection
	GlobalSection(ProjectConfigurationPlatforms) = postSolution
		{1F48C555-03BD-4D19-ABCA-4B01BA3BB3DD}.Debug|Any CPU.ActiveCfg = Debug|Any CPU
		{1F48C555-03BD-4D19-ABCA-4B01BA3BB3DD}.Debug|Any CPU.Build.0 = Debug|Any CPU
		{1F48C555-03BD-4D19-ABCA-4B01BA3BB3DD}.Release|Any CPU.ActiveCfg = Release|Any CPU
		{1F48C555-03BD-4D19-ABCA-4B01BA3BB3DD}.Release|Any CPU.Build.0 = Release|Any CPU
	EndGlobalSection
	GlobalSection(SolutionProperties) = preSolution
		HideSolutionNode = FALSE
	EndGlobalSection
	GlobalSection(ExtensibilityGlobals) = postSolution
		SolutionGuid = {2DA4695D-B1C7-4CF9-BAE6-9E7566A9CEEC}
	EndGlobalSection
EndGlobal
